﻿Microsoft Visual Studio Solution File, Format Version 12.00
# Visual Studio Version 17
VisualStudioVersion = 17.11.35431.28
MinimumVisualStudioVersion = 10.0.40219.1

; -------------------------------------------------------------------
; Project Blocks
; -------------------------------------------------------------------
; Each “Project” line references a unique project in this solution.

; Project 1: MSSFP
Project("{9A19103F-16F7-4668-BE54-9A1E7A4F7556}") = "MSSFP", "MSSFP\MSSFP.csproj", "{D7D21B4A-1DA7-41D8-B202-C58CA8FA62AA}"
EndProject

; Project 2: MSSFP-VAE (Folder name changed from 'MSSFP-VEA' to 'MSSFP-VAE' to match project name)
Project("{9A19103F-16F7-4668-BE54-9A1E7A4F7556}") = "MSSFP-VAE", "MSSFP-VAE\MSSFP-VAE.csproj", "{9591E4BB-A8A6-49CC-BBCA-61AD28B7B9F7}"
EndProject

; Project 3: MSSFP-Dryads
Project("{9A19103F-16F7-4668-BE54-9A1E7A4F7556}") = "MSSFP-Dryads", "MSSFP-Dryads\MSSFP-Dryads.csproj", "{DAEA6E80-661A-4641-8353-DB31000BFA90}"
EndProject

; Project 4: MSSFP-CoolerPsycasts
Project("{9A19103F-16F7-4668-BE54-9A1E7A4F7556}") = "MSSFP-CoolerPsycasts", "MSSFP-CoolerPsycasts\MSSFP-CoolerPsycasts.csproj", "{46DA8965-0C23-4FC7-A485-FB69E230E3CB}"
EndProject

; -------------------------------------------------------------------
; Example: Adding a Solution Items folder (optional)
;         If you don’t need global files, remove this block.
; -------------------------------------------------------------------
Project("{66A26720-8FB5-11D2-AA7E-00C04F688DDE}") = "Solution Items", "Solution Items", "{1F596910-9881-4A65-8A88-89CFC13C3DFA}"
	ProjectSection(SolutionItems) = preProject
		README.md = README.md
		; e.g., Add any other global files here.
	EndProjectSection
EndProject

; -------------------------------------------------------------------
; Global Section
; -------------------------------------------------------------------
Global

	; Defines solution-wide build configurations
	GlobalSection(SolutionConfigurationPlatforms) = preSolution
		Debug|Any CPU = Debug|Any CPU
		Release|Any CPU = Release|Any CPU
	EndGlobalSection

	; Per-project build & configuration platforms
	GlobalSection(ProjectConfigurationPlatforms) = postSolution
		; MSSFP
		{D7D21B4A-1DA7-41D8-B202-C58CA8FA62AA}.Debug|Any CPU.ActiveCfg = Debug|Any CPU
		{D7D21B4A-1DA7-41D8-B202-C58CA8FA62AA}.Debug|Any CPU.Build.0 = Debug|Any CPU
		{D7D21B4A-1DA7-41D8-B202-C58CA8FA62AA}.Release|Any CPU.ActiveCfg = Release|Any CPU
		{D7D21B4A-1DA7-41D8-B202-C58CA8FA62AA}.Release|Any CPU.Build.0 = Release|Any CPU

		; MSSFP-VAE
		{9591E4BB-A8A6-49CC-BBCA-61AD28B7B9F7}.Debug|Any CPU.ActiveCfg = Debug|Any CPU
		{9591E4BB-A8A6-49CC-BBCA-61AD28B7B9F7}.Debug|Any CPU.Build.0 = Debug|Any CPU
		{9591E4BB-A8A6-49CC-BBCA-61AD28B7B9F7}.Release|Any CPU.ActiveCfg = Release|Any CPU
		{9591E4BB-A8A6-49CC-BBCA-61AD28B7B9F7}.Release|Any CPU.Build.0 = Release|Any CPU

		; MSSFP-Dryads
		{DAEA6E80-661A-4641-8353-DB31000BFA90}.Debug|Any CPU.ActiveCfg = Debug|Any CPU
		{DAEA6E80-661A-4641-8353-DB31000BFA90}.Debug|Any CPU.Build.0 = Debug|Any CPU
		{DAEA6E80-661A-4641-8353-DB31000BFA90}.Release|Any CPU.ActiveCfg = Release|Any CPU
		{DAEA6E80-661A-4641-8353-DB31000BFA90}.Release|Any CPU.Build.0 = Release|Any CPU

		; MSSFP-CoolerPsycasts
		{46DA8965-0C23-4FC7-A485-FB69E230E3CB}.Debug|Any CPU.ActiveCfg = Debug|Any CPU
		{46DA8965-0C23-4FC7-A485-FB69E230E3CB}.Debug|Any CPU.Build.0 = Debug|Any CPU
		{46DA8965-0C23-4FC7-A485-FB69E230E3CB}.Release|Any CPU.ActiveCfg = Release|Any CPU
		{46DA8965-0C23-4FC7-A485-FB69E230E3CB}.Release|Any CPU.Build.0 = Release|Any CPU
	EndGlobalSection

	GlobalSection(SolutionProperties) = preSolution
		HideSolutionNode = FALSE
	EndGlobalSection

	GlobalSection(ExtensibilityGlobals) = postSolution
		SolutionGuid = {28CF9A73-5333-4EB3-BFCC-3FBEDDA19200}
	EndGlobalSection
EndGlobal

